{
  "version": 4,
  "terraform_version": "0.12.16",
  "serial": 86,
  "lineage": "a707489d-a87e-133b-44f8-d5f8e2b48acd",
  "outputs": {},
  "resources": [
    {
      "mode": "managed",
      "type": "aws_internet_gateway",
      "name": "gw",
      "provider": "provider.aws",
      "instances": [
        {
          "schema_version": 0,
          "attributes": {
            "id": "igw-09988af38874e31a6",
            "owner_id": "239099794600",
            "tags": {
              "Name": "Gateway Main"
            },
            "vpc_id": "vpc-091407394a4e633c4"
          },
          "private": "bnVsbA==",
          "dependencies": [
            "aws_vpc.main1"
          ]
        }
      ]
    },
    {
      "mode": "managed",
      "type": "aws_key_pair",
      "name": "key-class1",
      "provider": "provider.aws",
      "instances": [
        {
          "schema_version": 1,
          "attributes": {
            "fingerprint": "10:a3:f4:65:f9:fe:b7:1d:27:bd:46:41:c0:1b:b6:da",
            "id": "class_key1",
            "key_name": "class_key1",
            "key_name_prefix": null,
            "public_key": "ssh-rsa AAAAB3NzaC1yc2EAAAADAQABAAACAQDEBXh6rzYzPeSxybiJlnAxS3Ox1PsqiiVBfjRQwlTb77bjghBA3ABlxlrBwJwUonxbehdwNPIIlVU49H2oaPhDxshz9ARV36TpV2kJeLv045zmP1G2+kAlK8Ed6G8X1xGOFcUXdSeezxLI+Nu1421X2n9ea+M6F1lC8XXfoXBCtaf9wdUBcKJvNrRBxUsREb/pDOc/VA63j83pdzf+7RoFIY6CVv89D2qNBIQLhqrdInysgfrm8KUw3zac65aqBoxOscy0P3O/2r2Wp/lrycMbbhP4G2zUcg1KI1eLdkF+Mxro6YCFmjU2FQe0+EU7jGFuou1r7GWPcnVycd4wNiE0y36qXPJSWHuBqXy/JRBckY9f4Locq0j0rZhedGX5Gsx2hLUx7pwOTvZi2+iICnUV8AUJWmFBviXzq3SkbD8WGoxyutiWWfJQQZKUfgcX8IAqSsSzJTg7jKTtZAb4cbf6AmRAYEKXGvwl03qpDpKSSxTHkeYWYitUj+hUfWnJ+HFUTOvsq4s98NXFrKJkkkFEBRazJmj0V2QABSbuE+YiAF5JM6dXoyolV1n2NZT40mo7/90WPvP0fP1+qMHtEOChntZNcGtQK9q6wxg5loyfj5DYT1I73dBTVUM5i5LCBgOtPOP9Syi2MAid1346bPRrkE01btXpeSj9kGJOxzX5mQ=="
          },
          "private": "eyJzY2hlbWFfdmVyc2lvbiI6IjEifQ=="
        }
      ]
    },
    {
      "mode": "managed",
      "type": "aws_key_pair",
      "name": "key-class2",
      "provider": "provider.aws",
      "instances": [
        {
          "schema_version": 1,
          "attributes": {
            "fingerprint": "10:a3:f4:65:f9:fe:b7:1d:27:bd:46:41:c0:1b:b6:da",
            "id": "class_key2",
            "key_name": "class_key2",
            "key_name_prefix": null,
            "public_key": "ssh-rsa AAAAB3NzaC1yc2EAAAADAQABAAACAQDEBXh6rzYzPeSxybiJlnAxS3Ox1PsqiiVBfjRQwlTb77bjghBA3ABlxlrBwJwUonxbehdwNPIIlVU49H2oaPhDxshz9ARV36TpV2kJeLv045zmP1G2+kAlK8Ed6G8X1xGOFcUXdSeezxLI+Nu1421X2n9ea+M6F1lC8XXfoXBCtaf9wdUBcKJvNrRBxUsREb/pDOc/VA63j83pdzf+7RoFIY6CVv89D2qNBIQLhqrdInysgfrm8KUw3zac65aqBoxOscy0P3O/2r2Wp/lrycMbbhP4G2zUcg1KI1eLdkF+Mxro6YCFmjU2FQe0+EU7jGFuou1r7GWPcnVycd4wNiE0y36qXPJSWHuBqXy/JRBckY9f4Locq0j0rZhedGX5Gsx2hLUx7pwOTvZi2+iICnUV8AUJWmFBviXzq3SkbD8WGoxyutiWWfJQQZKUfgcX8IAqSsSzJTg7jKTtZAb4cbf6AmRAYEKXGvwl03qpDpKSSxTHkeYWYitUj+hUfWnJ+HFUTOvsq4s98NXFrKJkkkFEBRazJmj0V2QABSbuE+YiAF5JM6dXoyolV1n2NZT40mo7/90WPvP0fP1+qMHtEOChntZNcGtQK9q6wxg5loyfj5DYT1I73dBTVUM5i5LCBgOtPOP9Syi2MAid1346bPRrkE01btXpeSj9kGJOxzX5mQ=="
          },
          "private": "eyJzY2hlbWFfdmVyc2lvbiI6IjEifQ=="
        }
      ]
    },
    {
      "mode": "managed",
      "type": "aws_route_table",
      "name": "r",
      "provider": "provider.aws",
      "instances": [
        {
          "schema_version": 0,
          "attributes": {
            "id": "rtb-0694d2735926c3c49",
            "owner_id": "239099794600",
            "propagating_vgws": [],
            "route": [
              {
                "cidr_block": "0.0.0.0/0",
                "egress_only_gateway_id": "",
                "gateway_id": "igw-09988af38874e31a6",
                "instance_id": "",
                "ipv6_cidr_block": "",
                "nat_gateway_id": "",
                "network_interface_id": "",
                "transit_gateway_id": "",
                "vpc_peering_connection_id": ""
              }
            ],
            "tags": {
              "Name": "Route table Mainx"
            },
            "vpc_id": "vpc-091407394a4e633c4"
          },
          "private": "bnVsbA==",
          "dependencies": [
            "aws_internet_gateway.gw",
            "aws_vpc.main1"
          ]
        }
      ]
    },
    {
      "mode": "managed",
      "type": "aws_route_table_association",
      "name": "table_subnet1",
      "provider": "provider.aws",
      "instances": [
        {
          "schema_version": 0,
          "attributes": {
            "gateway_id": null,
            "id": "rtbassoc-0e2a7d406940955c9",
            "route_table_id": "rtb-0694d2735926c3c49",
            "subnet_id": "subnet-065e63ff72511cf37"
          },
          "private": "bnVsbA==",
          "dependencies": [
            "aws_internet_gateway.gw",
            "aws_route_table.r",
            "aws_subnet.subnet1",
            "aws_vpc.main1"
          ]
        }
      ]
    },
    {
      "mode": "managed",
      "type": "aws_route_table_association",
      "name": "table_subnet2",
      "provider": "provider.aws",
      "instances": [
        {
          "schema_version": 0,
          "attributes": {
            "gateway_id": null,
            "id": "rtbassoc-05e3a2683a44ce48d",
            "route_table_id": "rtb-0694d2735926c3c49",
            "subnet_id": "subnet-0ab7f2a62a498a559"
          },
          "private": "bnVsbA==",
          "dependencies": [
            "aws_internet_gateway.gw",
            "aws_route_table.r",
            "aws_subnet.subnet2",
            "aws_vpc.main1"
          ]
        }
      ]
    },
    {
      "mode": "managed",
      "type": "aws_route_table_association",
      "name": "table_subnet3",
      "provider": "provider.aws",
      "instances": [
        {
          "schema_version": 0,
          "attributes": {
            "gateway_id": null,
            "id": "rtbassoc-0cb9568514a5aa730",
            "route_table_id": "rtb-0694d2735926c3c49",
            "subnet_id": "subnet-08b3d344744c51666"
          },
          "private": "bnVsbA==",
          "dependencies": [
            "aws_internet_gateway.gw",
            "aws_route_table.r",
            "aws_subnet.subnet3",
            "aws_vpc.main1"
          ]
        }
      ]
    },
    {
      "mode": "managed",
      "type": "aws_security_group",
      "name": "sg-1",
      "provider": "provider.aws",
      "instances": [
        {
          "schema_version": 1,
          "attributes": {
            "arn": "arn:aws:ec2:us-east-1:239099794600:security-group/sg-08aea2c8bdd3d9ba7",
            "description": "Allow ping and SSH",
            "egress": [
              {
                "cidr_blocks": [
                  "0.0.0.0/0"
                ],
                "description": "",
                "from_port": 0,
                "ipv6_cidr_blocks": [],
                "prefix_list_ids": [],
                "protocol": "-1",
                "security_groups": [],
                "self": false,
                "to_port": 0
              }
            ],
            "id": "sg-08aea2c8bdd3d9ba7",
            "ingress": [
              {
                "cidr_blocks": [
                  "0.0.0.0/0"
                ],
                "description": "",
                "from_port": -1,
                "ipv6_cidr_blocks": [],
                "prefix_list_ids": [],
                "protocol": "icmp",
                "security_groups": [],
                "self": false,
                "to_port": -1
              },
              {
                "cidr_blocks": [
                  "0.0.0.0/0"
                ],
                "description": "",
                "from_port": 22,
                "ipv6_cidr_blocks": [],
                "prefix_list_ids": [],
                "protocol": "tcp",
                "security_groups": [],
                "self": false,
                "to_port": 22
              }
            ],
            "name": "sg_ping_ssh",
            "name_prefix": null,
            "owner_id": "239099794600",
            "revoke_rules_on_delete": false,
            "tags": {
              "Name": "Ping y SSH"
            },
            "timeouts": null,
            "vpc_id": "vpc-091407394a4e633c4"
          },
          "private": "eyJlMmJmYjczMC1lY2FhLTExZTYtOGY4OC0zNDM2M2JjN2M0YzAiOnsiY3JlYXRlIjo2MDAwMDAwMDAwMDAsImRlbGV0ZSI6NjAwMDAwMDAwMDAwfSwic2NoZW1hX3ZlcnNpb24iOiIxIn0=",
          "dependencies": [
            "aws_vpc.main1"
          ]
        }
      ]
    },
    {
      "mode": "managed",
      "type": "aws_security_group",
      "name": "sg-2",
      "provider": "provider.aws",
      "instances": [
        {
          "schema_version": 1,
          "attributes": {
            "arn": "arn:aws:ec2:us-east-1:239099794600:security-group/sg-0fc971d4f78a986fa",
            "description": "Allow ping and SSH",
            "egress": [],
            "id": "sg-0fc971d4f78a986fa",
            "ingress": [
              {
                "cidr_blocks": [
                  "0.0.0.0/0"
                ],
                "description": "",
                "from_port": 443,
                "ipv6_cidr_blocks": [],
                "prefix_list_ids": [],
                "protocol": "tcp",
                "security_groups": [],
                "self": false,
                "to_port": 443
              },
              {
                "cidr_blocks": [
                  "0.0.0.0/0"
                ],
                "description": "",
                "from_port": 80,
                "ipv6_cidr_blocks": [],
                "prefix_list_ids": [],
                "protocol": "tcp",
                "security_groups": [],
                "self": false,
                "to_port": 80
              }
            ],
            "name": "sg_http",
            "name_prefix": null,
            "owner_id": "239099794600",
            "revoke_rules_on_delete": false,
            "tags": {
              "Name": "HHTP"
            },
            "timeouts": null,
            "vpc_id": "vpc-091407394a4e633c4"
          },
          "private": "eyJlMmJmYjczMC1lY2FhLTExZTYtOGY4OC0zNDM2M2JjN2M0YzAiOnsiY3JlYXRlIjo2MDAwMDAwMDAwMDAsImRlbGV0ZSI6NjAwMDAwMDAwMDAwfSwic2NoZW1hX3ZlcnNpb24iOiIxIn0=",
          "dependencies": [
            "aws_vpc.main1"
          ]
        }
      ]
    },
    {
      "mode": "managed",
      "type": "aws_subnet",
      "name": "subnet1",
      "provider": "provider.aws",
      "instances": [
        {
          "schema_version": 1,
          "attributes": {
            "arn": "arn:aws:ec2:us-east-1:239099794600:subnet/subnet-065e63ff72511cf37",
            "assign_ipv6_address_on_creation": false,
            "availability_zone": "us-east-1a",
            "availability_zone_id": "use1-az1",
            "cidr_block": "10.0.10.0/24",
            "id": "subnet-065e63ff72511cf37",
            "ipv6_cidr_block": "",
            "ipv6_cidr_block_association_id": "",
            "map_public_ip_on_launch": true,
            "owner_id": "239099794600",
            "tags": {
              "Name": "Subnet 1 en us-east-1a"
            },
            "timeouts": null,
            "vpc_id": "vpc-091407394a4e633c4"
          },
          "private": "eyJlMmJmYjczMC1lY2FhLTExZTYtOGY4OC0zNDM2M2JjN2M0YzAiOnsiY3JlYXRlIjo2MDAwMDAwMDAwMDAsImRlbGV0ZSI6MTIwMDAwMDAwMDAwMH0sInNjaGVtYV92ZXJzaW9uIjoiMSJ9",
          "dependencies": [
            "aws_vpc.main1"
          ]
        }
      ]
    },
    {
      "mode": "managed",
      "type": "aws_subnet",
      "name": "subnet2",
      "provider": "provider.aws",
      "instances": [
        {
          "schema_version": 1,
          "attributes": {
            "arn": "arn:aws:ec2:us-east-1:239099794600:subnet/subnet-0ab7f2a62a498a559",
            "assign_ipv6_address_on_creation": false,
            "availability_zone": "us-east-1b",
            "availability_zone_id": "use1-az2",
            "cidr_block": "10.0.20.0/24",
            "id": "subnet-0ab7f2a62a498a559",
            "ipv6_cidr_block": "",
            "ipv6_cidr_block_association_id": "",
            "map_public_ip_on_launch": true,
            "owner_id": "239099794600",
            "tags": {
              "Name": "Subnet 1 en us-east-1b"
            },
            "timeouts": null,
            "vpc_id": "vpc-091407394a4e633c4"
          },
          "private": "eyJlMmJmYjczMC1lY2FhLTExZTYtOGY4OC0zNDM2M2JjN2M0YzAiOnsiY3JlYXRlIjo2MDAwMDAwMDAwMDAsImRlbGV0ZSI6MTIwMDAwMDAwMDAwMH0sInNjaGVtYV92ZXJzaW9uIjoiMSJ9",
          "dependencies": [
            "aws_vpc.main1"
          ]
        }
      ]
    },
    {
      "mode": "managed",
      "type": "aws_subnet",
      "name": "subnet3",
      "provider": "provider.aws",
      "instances": [
        {
          "schema_version": 1,
          "attributes": {
            "arn": "arn:aws:ec2:us-east-1:239099794600:subnet/subnet-08b3d344744c51666",
            "assign_ipv6_address_on_creation": false,
            "availability_zone": "us-east-1c",
            "availability_zone_id": "use1-az4",
            "cidr_block": "10.0.30.0/24",
            "id": "subnet-08b3d344744c51666",
            "ipv6_cidr_block": "",
            "ipv6_cidr_block_association_id": "",
            "map_public_ip_on_launch": true,
            "owner_id": "239099794600",
            "tags": {
              "Name": "Subnet 1 en us-east-1c"
            },
            "timeouts": null,
            "vpc_id": "vpc-091407394a4e633c4"
          },
          "private": "eyJlMmJmYjczMC1lY2FhLTExZTYtOGY4OC0zNDM2M2JjN2M0YzAiOnsiY3JlYXRlIjo2MDAwMDAwMDAwMDAsImRlbGV0ZSI6MTIwMDAwMDAwMDAwMH0sInNjaGVtYV92ZXJzaW9uIjoiMSJ9",
          "dependencies": [
            "aws_vpc.main1"
          ]
        }
      ]
    },
    {
      "mode": "managed",
      "type": "aws_vpc",
      "name": "main1",
      "provider": "provider.aws",
      "instances": [
        {
          "schema_version": 1,
          "attributes": {
            "arn": "arn:aws:ec2:us-east-1:239099794600:vpc/vpc-091407394a4e633c4",
            "assign_generated_ipv6_cidr_block": false,
            "cidr_block": "10.0.0.0/16",
            "default_network_acl_id": "acl-03f08813afdcd3c2f",
            "default_route_table_id": "rtb-07f26a6a205895e16",
            "default_security_group_id": "sg-06568d4260a6f3b31",
            "dhcp_options_id": "dopt-c4055bbf",
            "enable_classiclink": false,
            "enable_classiclink_dns_support": false,
            "enable_dns_hostnames": true,
            "enable_dns_support": true,
            "id": "vpc-091407394a4e633c4",
            "instance_tenancy": "default",
            "ipv6_association_id": "",
            "ipv6_cidr_block": "",
            "main_route_table_id": "rtb-07f26a6a205895e16",
            "owner_id": "239099794600",
            "tags": {
              "Name": "Main VPC 1"
            }
          },
          "private": "eyJzY2hlbWFfdmVyc2lvbiI6IjEifQ=="
        }
      ]
    }
  ]
}
